
Microsoft Visual Studio Solution File, Format Version 12.00
# Visual Studio Version 16
VisualStudioVersion = 16.0.29306.81
MinimumVisualStudioVersion = 10.0.40219.1
Project("{9A19103F-16F7-4668-BE54-9A1E7A4F7556}") = "Kanan-test", "ConsoleApp1\Kanan-test.csproj", "{F7661A8B-9672-4C4A-9D71-B8CD0AF4D0B9}"
EndProject
Global
	GlobalSection(SolutionConfigurationPlatforms) = preSolution
		Debug|Any CPU = Debug|Any CPU
		Release|Any CPU = Release|Any CPU
	EndGlobalSection
	GlobalSection(ProjectConfigurationPlatforms) = postSolution
		{F7661A8B-9672-4C4A-9D71-B8CD0AF4D0B9}.Debug|Any CPU.ActiveCfg = Debug|Any CPU
		{F7661A8B-9672-4C4A-9D71-B8CD0AF4D0B9}.Debug|Any CPU.Build.0 = Debug|Any CPU
		{F7661A8B-9672-4C4A-9D71-B8CD0AF4D0B9}.Release|Any CPU.ActiveCfg = Release|Any CPU
		{F7661A8B-9672-4C4A-9D71-B8CD0AF4D0B9}.Release|Any CPU.Build.0 = Release|Any CPU
	EndGlobalSection
	GlobalSection(SolutionProperties) = preSolution
		HideSolutionNode = FALSE
	EndGlobalSection
	GlobalSection(ExtensibilityGlobals) = postSolution
		SolutionGuid = {81A82E58-8A4B-4DB7-B0F8-9DCE142529C9}
	EndGlobalSection
EndGlobal
