
Microsoft Visual Studio Solution File, Format Version 12.00
# Visual Studio Version 16
VisualStudioVersion = 16.0.29306.81
MinimumVisualStudioVersion = 10.0.40219.1
Project("{9A19103F-16F7-4668-BE54-9A1E7A4F7556}") = "ConsoleApp1", "ConsoleApp1.csproj", "{1BF65F08-BB5E-4B0A-B4A3-76A473C23B9C}"
EndProject
Global
	GlobalSection(SolutionConfigurationPlatforms) = preSolution
		Debug|Any CPU = Debug|Any CPU
		Release|Any CPU = Release|Any CPU
	EndGlobalSection
	GlobalSection(ProjectConfigurationPlatforms) = postSolution
		{1BF65F08-BB5E-4B0A-B4A3-76A473C23B9C}.Debug|Any CPU.ActiveCfg = Debug|Any CPU
		{1BF65F08-BB5E-4B0A-B4A3-76A473C23B9C}.Debug|Any CPU.Build.0 = Debug|Any CPU
		{1BF65F08-BB5E-4B0A-B4A3-76A473C23B9C}.Release|Any CPU.ActiveCfg = Release|Any CPU
		{1BF65F08-BB5E-4B0A-B4A3-76A473C23B9C}.Release|Any CPU.Build.0 = Release|Any CPU
	EndGlobalSection
	GlobalSection(SolutionProperties) = preSolution
		HideSolutionNode = FALSE
	EndGlobalSection
	GlobalSection(ExtensibilityGlobals) = postSolution
		SolutionGuid = {347809C4-9CFD-40BF-B5E9-9CD1D244B888}
	EndGlobalSection
EndGlobal
